
Microsoft Visual Studio Solution File, Format Version 12.00
# Visual Studio Version 17
VisualStudioVersion = 17.1.32210.238
MinimumVisualStudioVersion = 10.0.40219.1
Project("{9A19103F-16F7-4668-BE54-9A1E7A4F7556}") = "FunctionApp1", "FunctionApp1\FunctionApp1.csproj", "{5F9F4D56-65AC-4057-8A1E-1596666C095E}"
EndProject
Project("{FAE04EC0-301F-11D3-BF4B-00C04F79EFBC}") = "FunctionTiempo", "FunctionTiempo\FunctionTiempo.csproj", "{249D2FB4-CC42-487D-BD4C-6C38EBF39E32}"
EndProject
Global
	GlobalSection(SolutionConfigurationPlatforms) = preSolution
		Debug|Any CPU = Debug|Any CPU
		Release|Any CPU = Release|Any CPU
	EndGlobalSection
	GlobalSection(ProjectConfigurationPlatforms) = postSolution
		{5F9F4D56-65AC-4057-8A1E-1596666C095E}.Debug|Any CPU.ActiveCfg = Debug|Any CPU
		{5F9F4D56-65AC-4057-8A1E-1596666C095E}.Debug|Any CPU.Build.0 = Debug|Any CPU
		{5F9F4D56-65AC-4057-8A1E-1596666C095E}.Release|Any CPU.ActiveCfg = Release|Any CPU
		{5F9F4D56-65AC-4057-8A1E-1596666C095E}.Release|Any CPU.Build.0 = Release|Any CPU
		{249D2FB4-CC42-487D-BD4C-6C38EBF39E32}.Debug|Any CPU.ActiveCfg = Debug|Any CPU
		{249D2FB4-CC42-487D-BD4C-6C38EBF39E32}.Debug|Any CPU.Build.0 = Debug|Any CPU
		{249D2FB4-CC42-487D-BD4C-6C38EBF39E32}.Release|Any CPU.ActiveCfg = Release|Any CPU
		{249D2FB4-CC42-487D-BD4C-6C38EBF39E32}.Release|Any CPU.Build.0 = Release|Any CPU
	EndGlobalSection
	GlobalSection(SolutionProperties) = preSolution
		HideSolutionNode = FALSE
	EndGlobalSection
	GlobalSection(ExtensibilityGlobals) = postSolution
		SolutionGuid = {41242024-ABFE-464B-9484-D74E1D7F3DF1}
	EndGlobalSection
EndGlobal
